
Microsoft Visual Studio Solution File, Format Version 12.00
# Visual Studio Version 16
VisualStudioVersion = 16.0.30225.117
MinimumVisualStudioVersion = 10.0.40219.1
Project("{FAE04EC0-301F-11D3-BF4B-00C04F79EFBC}") = "ElasticSearch-Example-Project", "ElasticSearch-Example-Project\ElasticSearch-Example-Project.csproj", "{C56C5DA2-E155-409F-BABC-0EB726374AA9}"
EndProject
Project("{E53339B2-1760-4266-BCC7-CA923CBCF16C}") = "docker-compose", "docker-compose.dcproj", "{36B31832-181F-44F6-B4AE-A9CDF28D3943}"
EndProject
Global
	GlobalSection(SolutionConfigurationPlatforms) = preSolution
		Debug|Any CPU = Debug|Any CPU
		Release|Any CPU = Release|Any CPU
	EndGlobalSection
	GlobalSection(ProjectConfigurationPlatforms) = postSolution
		{C56C5DA2-E155-409F-BABC-0EB726374AA9}.Debug|Any CPU.ActiveCfg = Debug|Any CPU
		{C56C5DA2-E155-409F-BABC-0EB726374AA9}.Debug|Any CPU.Build.0 = Debug|Any CPU
		{C56C5DA2-E155-409F-BABC-0EB726374AA9}.Release|Any CPU.ActiveCfg = Release|Any CPU
		{C56C5DA2-E155-409F-BABC-0EB726374AA9}.Release|Any CPU.Build.0 = Release|Any CPU
		{36B31832-181F-44F6-B4AE-A9CDF28D3943}.Debug|Any CPU.ActiveCfg = Debug|Any CPU
		{36B31832-181F-44F6-B4AE-A9CDF28D3943}.Debug|Any CPU.Build.0 = Debug|Any CPU
		{36B31832-181F-44F6-B4AE-A9CDF28D3943}.Release|Any CPU.ActiveCfg = Release|Any CPU
		{36B31832-181F-44F6-B4AE-A9CDF28D3943}.Release|Any CPU.Build.0 = Release|Any CPU
	EndGlobalSection
	GlobalSection(SolutionProperties) = preSolution
		HideSolutionNode = FALSE
	EndGlobalSection
	GlobalSection(ExtensibilityGlobals) = postSolution
		SolutionGuid = {75A8D327-8C40-46E1-9D6C-F90A3310277B}
	EndGlobalSection
EndGlobal
